// !$*UTF8*$!
{
	archiveVersion = 1;
	classes = {
	};
	objectVersion = 46;
	objects = {

/* Begin PBXBuildFile section */
		3B2B4CFB1B669AE4007876F4 /* QuizSelectorViewController.swift in Sources */ = {isa = PBXBuildFile; fileRef = 3B2B4CFA1B669AE4007876F4 /* QuizSelectorViewController.swift */; };
		3B3ED16B1B580F6500E70BDC /* PersonListTableViewController.swift in Sources */ = {isa = PBXBuildFile; fileRef = 3B3ED16A1B580F6500E70BDC /* PersonListTableViewController.swift */; };
		3B3ED1721B58133200E70BDC /* Person.swift in Sources */ = {isa = PBXBuildFile; fileRef = 3B3ED1711B58133200E70BDC /* Person.swift */; };
		3B83E44C1B5719270037857E /* AppDelegate.swift in Sources */ = {isa = PBXBuildFile; fileRef = 3B83E44B1B5719270037857E /* AppDelegate.swift */; };
		3B83E4511B5719270037857E /* Main.storyboard in Resources */ = {isa = PBXBuildFile; fileRef = 3B83E44F1B5719270037857E /* Main.storyboard */; };
		3B83E4531B5719270037857E /* Images.xcassets in Resources */ = {isa = PBXBuildFile; fileRef = 3B83E4521B5719270037857E /* Images.xcassets */; };
		3B83E4561B5719270037857E /* LaunchScreen.xib in Resources */ = {isa = PBXBuildFile; fileRef = 3B83E4541B5719270037857E /* LaunchScreen.xib */; };
		3B83E4621B5719270037857E /* AppTests.swift in Sources */ = {isa = PBXBuildFile; fileRef = 3B83E4611B5719270037857E /* AppTests.swift */; };
		3BBDAA541B597A2D0026D0B8 /* EditPersonViewController.swift in Sources */ = {isa = PBXBuildFile; fileRef = 3BBDAA531B597A2D0026D0B8 /* EditPersonViewController.swift */; };
		3BBDAA571B5982660026D0B8 /* PersonCell.swift in Sources */ = {isa = PBXBuildFile; fileRef = 3BBDAA561B5982660026D0B8 /* PersonCell.swift */; };
		3BDA873D1B5997AC000344F0 /* PersonViewController.swift in Sources */ = {isa = PBXBuildFile; fileRef = 3BDA873C1B5997AC000344F0 /* PersonViewController.swift */; };
		55F6FD5CC3B1DAA12AC61B1F /* Pods_App.framework in Frameworks */ = {isa = PBXBuildFile; fileRef = 577237697D7375DA79F1260F /* Pods_App.framework */; settings = {ATTRIBUTES = (Weak, ); }; };
/* End PBXBuildFile section */

/* Begin PBXContainerItemProxy section */
		3B83E45C1B5719270037857E /* PBXContainerItemProxy */ = {
			isa = PBXContainerItemProxy;
			containerPortal = 3B83E43E1B5719270037857E /* Project object */;
			proxyType = 1;
			remoteGlobalIDString = 3B83E4451B5719270037857E;
			remoteInfo = App;
		};
/* End PBXContainerItemProxy section */

/* Begin PBXFileReference section */
		08BE76FEA0745C6D93267ADA /* Pods-App.debug.xcconfig */ = {isa = PBXFileReference; includeInIndex = 1; lastKnownFileType = text.xcconfig; name = "Pods-App.debug.xcconfig"; path = "Pods/Target Support Files/Pods-App/Pods-App.debug.xcconfig"; sourceTree = "<group>"; };
		3B2B4CFA1B669AE4007876F4 /* QuizSelectorViewController.swift */ = {isa = PBXFileReference; fileEncoding = 4; lastKnownFileType = sourcecode.swift; path = QuizSelectorViewController.swift; sourceTree = "<group>"; };
		3B3ED16A1B580F6500E70BDC /* PersonListTableViewController.swift */ = {isa = PBXFileReference; fileEncoding = 4; lastKnownFileType = sourcecode.swift; path = PersonListTableViewController.swift; sourceTree = "<group>"; };
		3B3ED1711B58133200E70BDC /* Person.swift */ = {isa = PBXFileReference; fileEncoding = 4; lastKnownFileType = sourcecode.swift; path = Person.swift; sourceTree = "<group>"; };
		3B83E4461B5719270037857E /* App.app */ = {isa = PBXFileReference; explicitFileType = wrapper.application; includeInIndex = 0; path = App.app; sourceTree = BUILT_PRODUCTS_DIR; };
		3B83E44A1B5719270037857E /* Info.plist */ = {isa = PBXFileReference; lastKnownFileType = text.plist.xml; path = Info.plist; sourceTree = "<group>"; };
		3B83E44B1B5719270037857E /* AppDelegate.swift */ = {isa = PBXFileReference; lastKnownFileType = sourcecode.swift; path = AppDelegate.swift; sourceTree = "<group>"; };
		3B83E4501B5719270037857E /* Base */ = {isa = PBXFileReference; lastKnownFileType = file.storyboard; name = Base; path = Base.lproj/Main.storyboard; sourceTree = "<group>"; };
		3B83E4521B5719270037857E /* Images.xcassets */ = {isa = PBXFileReference; lastKnownFileType = folder.assetcatalog; path = Images.xcassets; sourceTree = "<group>"; };
		3B83E4551B5719270037857E /* Base */ = {isa = PBXFileReference; lastKnownFileType = file.xib; name = Base; path = Base.lproj/LaunchScreen.xib; sourceTree = "<group>"; };
		3B83E45B1B5719270037857E /* AppTests.xctest */ = {isa = PBXFileReference; explicitFileType = wrapper.cfbundle; includeInIndex = 0; path = AppTests.xctest; sourceTree = BUILT_PRODUCTS_DIR; };
		3B83E4601B5719270037857E /* Info.plist */ = {isa = PBXFileReference; lastKnownFileType = text.plist.xml; path = Info.plist; sourceTree = "<group>"; };
		3B83E4611B5719270037857E /* AppTests.swift */ = {isa = PBXFileReference; lastKnownFileType = sourcecode.swift; path = AppTests.swift; sourceTree = "<group>"; };
		3BBDAA531B597A2D0026D0B8 /* EditPersonViewController.swift */ = {isa = PBXFileReference; fileEncoding = 4; lastKnownFileType = sourcecode.swift; path = EditPersonViewController.swift; sourceTree = "<group>"; };
		3BBDAA561B5982660026D0B8 /* PersonCell.swift */ = {isa = PBXFileReference; fileEncoding = 4; lastKnownFileType = sourcecode.swift; path = PersonCell.swift; sourceTree = "<group>"; };
		3BDA873C1B5997AC000344F0 /* PersonViewController.swift */ = {isa = PBXFileReference; fileEncoding = 4; lastKnownFileType = sourcecode.swift; path = PersonViewController.swift; sourceTree = "<group>"; };
		577237697D7375DA79F1260F /* Pods_App.framework */ = {isa = PBXFileReference; explicitFileType = wrapper.framework; includeInIndex = 0; path = Pods_App.framework; sourceTree = BUILT_PRODUCTS_DIR; };
		CDEF242E2D33C5C4723DE900 /* Pods-App.release.xcconfig */ = {isa = PBXFileReference; includeInIndex = 1; lastKnownFileType = text.xcconfig; name = "Pods-App.release.xcconfig"; path = "Pods/Target Support Files/Pods-App/Pods-App.release.xcconfig"; sourceTree = "<group>"; };
/* End PBXFileReference section */

/* Begin PBXFrameworksBuildPhase section */
		3B83E4431B5719270037857E /* Frameworks */ = {
			isa = PBXFrameworksBuildPhase;
			buildActionMask = 2147483647;
			files = (
				55F6FD5CC3B1DAA12AC61B1F /* Pods_App.framework in Frameworks */,
			);
			runOnlyForDeploymentPostprocessing = 0;
		};
		3B83E4581B5719270037857E /* Frameworks */ = {
			isa = PBXFrameworksBuildPhase;
			buildActionMask = 2147483647;
			files = (
			);
			runOnlyForDeploymentPostprocessing = 0;
		};
/* End PBXFrameworksBuildPhase section */

/* Begin PBXGroup section */
		3B3ED1681B5783C100E70BDC /* View Controllers */ = {
			isa = PBXGroup;
			children = (
				3B3ED16A1B580F6500E70BDC /* PersonListTableViewController.swift */,
				3BBDAA531B597A2D0026D0B8 /* EditPersonViewController.swift */,
				3BDA873C1B5997AC000344F0 /* PersonViewController.swift */,
				3B2B4CFA1B669AE4007876F4 /* QuizSelectorViewController.swift */,
			);
			name = "View Controllers";
			path = "App/View Controllers";
			sourceTree = "<group>";
		};
		3B3ED1701B58132600E70BDC /* Entities */ = {
			isa = PBXGroup;
			children = (
				3B3ED1711B58133200E70BDC /* Person.swift */,
			);
			name = Entities;
			path = App/Entities;
			sourceTree = "<group>";
		};
		3B83E43D1B5719270037857E = {
			isa = PBXGroup;
			children = (
				3BBDAA551B5982440026D0B8 /* Views */,
				3B3ED1701B58132600E70BDC /* Entities */,
				3B3ED1681B5783C100E70BDC /* View Controllers */,
				3B83E4481B5719270037857E /* App */,
				3B83E45E1B5719270037857E /* AppTests */,
				3B83E4471B5719270037857E /* Products */,
				8C0911E7BE5468D9082F8879 /* Pods */,
				828CCCE83534F149EB987D48 /* Frameworks */,
			);
			sourceTree = "<group>";
		};
		3B83E4471B5719270037857E /* Products */ = {
			isa = PBXGroup;
			children = (
				3B83E4461B5719270037857E /* App.app */,
				3B83E45B1B5719270037857E /* AppTests.xctest */,
			);
			name = Products;
			sourceTree = "<group>";
		};
		3B83E4481B5719270037857E /* App */ = {
			isa = PBXGroup;
			children = (
				3B83E44B1B5719270037857E /* AppDelegate.swift */,
				3B83E44F1B5719270037857E /* Main.storyboard */,
				3B83E4521B5719270037857E /* Images.xcassets */,
				3B83E4541B5719270037857E /* LaunchScreen.xib */,
				3B83E4491B5719270037857E /* Supporting Files */,
			);
			path = App;
			sourceTree = "<group>";
		};
		3B83E4491B5719270037857E /* Supporting Files */ = {
			isa = PBXGroup;
			children = (
				3B83E44A1B5719270037857E /* Info.plist */,
			);
			name = "Supporting Files";
			sourceTree = "<group>";
		};
		3B83E45E1B5719270037857E /* AppTests */ = {
			isa = PBXGroup;
			children = (
				3B83E4611B5719270037857E /* AppTests.swift */,
				3B83E45F1B5719270037857E /* Supporting Files */,
			);
			path = AppTests;
			sourceTree = "<group>";
		};
		3B83E45F1B5719270037857E /* Supporting Files */ = {
			isa = PBXGroup;
			children = (
				3B83E4601B5719270037857E /* Info.plist */,
			);
			name = "Supporting Files";
			sourceTree = "<group>";
		};
		3BBDAA551B5982440026D0B8 /* Views */ = {
			isa = PBXGroup;
			children = (
				3BBDAA561B5982660026D0B8 /* PersonCell.swift */,
			);
			name = Views;
			path = App/Views;
			sourceTree = "<group>";
		};
		828CCCE83534F149EB987D48 /* Frameworks */ = {
			isa = PBXGroup;
			children = (
				577237697D7375DA79F1260F /* Pods_App.framework */,
			);
			name = Frameworks;
			sourceTree = "<group>";
		};
		8C0911E7BE5468D9082F8879 /* Pods */ = {
			isa = PBXGroup;
			children = (
				08BE76FEA0745C6D93267ADA /* Pods-App.debug.xcconfig */,
				CDEF242E2D33C5C4723DE900 /* Pods-App.release.xcconfig */,
			);
			name = Pods;
			sourceTree = "<group>";
		};
/* End PBXGroup section */

/* Begin PBXNativeTarget section */
		3B83E4451B5719270037857E /* App */ = {
			isa = PBXNativeTarget;
			buildConfigurationList = 3B83E4651B5719270037857E /* Build configuration list for PBXNativeTarget "App" */;
			buildPhases = (
				FAC56D364FA037441263D378 /* Check Pods Manifest.lock */,
				3B83E4421B5719270037857E /* Sources */,
				3B83E4431B5719270037857E /* Frameworks */,
				3B83E4441B5719270037857E /* Resources */,
				C0BC3BF5ECF1415AAC0BA44C /* Embed Pods Frameworks */,
				53287F634A3800655B6E7F69 /* Copy Pods Resources */,
			);
			buildRules = (
			);
			dependencies = (
			);
			name = App;
			productName = App;
			productReference = 3B83E4461B5719270037857E /* App.app */;
			productType = "com.apple.product-type.application";
		};
		3B83E45A1B5719270037857E /* AppTests */ = {
			isa = PBXNativeTarget;
			buildConfigurationList = 3B83E4681B5719270037857E /* Build configuration list for PBXNativeTarget "AppTests" */;
			buildPhases = (
				3B83E4571B5719270037857E /* Sources */,
				3B83E4581B5719270037857E /* Frameworks */,
				3B83E4591B5719270037857E /* Resources */,
			);
			buildRules = (
			);
			dependencies = (
				3B83E45D1B5719270037857E /* PBXTargetDependency */,
			);
			name = AppTests;
			productName = AppTests;
			productReference = 3B83E45B1B5719270037857E /* AppTests.xctest */;
			productType = "com.apple.product-type.bundle.unit-test";
		};
/* End PBXNativeTarget section */

/* Begin PBXProject section */
		3B83E43E1B5719270037857E /* Project object */ = {
			isa = PBXProject;
			attributes = {
				LastUpgradeCheck = 0640;
				ORGANIZATIONNAME = "Tommy Yang";
				TargetAttributes = {
					3B83E4451B5719270037857E = {
						CreatedOnToolsVersion = 6.4;
						DevelopmentTeam = W966M622HQ;
					};
					3B83E45A1B5719270037857E = {
						CreatedOnToolsVersion = 6.4;
						TestTargetID = 3B83E4451B5719270037857E;
					};
				};
			};
			buildConfigurationList = 3B83E4411B5719270037857E /* Build configuration list for PBXProject "App" */;
			compatibilityVersion = "Xcode 3.2";
			developmentRegion = English;
			hasScannedForEncodings = 0;
			knownRegions = (
				en,
				Base,
			);
			mainGroup = 3B83E43D1B5719270037857E;
			productRefGroup = 3B83E4471B5719270037857E /* Products */;
			projectDirPath = "";
			projectRoot = "";
			targets = (
				3B83E4451B5719270037857E /* App */,
				3B83E45A1B5719270037857E /* AppTests */,
			);
		};
/* End PBXProject section */

/* Begin PBXResourcesBuildPhase section */
		3B83E4441B5719270037857E /* Resources */ = {
			isa = PBXResourcesBuildPhase;
			buildActionMask = 2147483647;
			files = (
				3B83E4511B5719270037857E /* Main.storyboard in Resources */,
				3B83E4561B5719270037857E /* LaunchScreen.xib in Resources */,
				3B83E4531B5719270037857E /* Images.xcassets in Resources */,
			);
			runOnlyForDeploymentPostprocessing = 0;
		};
		3B83E4591B5719270037857E /* Resources */ = {
			isa = PBXResourcesBuildPhase;
			buildActionMask = 2147483647;
			files = (
			);
			runOnlyForDeploymentPostprocessing = 0;
		};
/* End PBXResourcesBuildPhase section */

/* Begin PBXShellScriptBuildPhase section */
		53287F634A3800655B6E7F69 /* Copy Pods Resources */ = {
			isa = PBXShellScriptBuildPhase;
			buildActionMask = 2147483647;
			files = (
			);
			inputPaths = (
			);
			name = "Copy Pods Resources";
			outputPaths = (
			);
			runOnlyForDeploymentPostprocessing = 0;
			shellPath = /bin/sh;
			shellScript = "\"${SRCROOT}/Pods/Target Support Files/Pods-App/Pods-App-resources.sh\"\n";
			showEnvVarsInLog = 0;
		};
		C0BC3BF5ECF1415AAC0BA44C /* Embed Pods Frameworks */ = {
			isa = PBXShellScriptBuildPhase;
			buildActionMask = 2147483647;
			files = (
			);
			inputPaths = (
			);
			name = "Embed Pods Frameworks";
			outputPaths = (
			);
			runOnlyForDeploymentPostprocessing = 0;
			shellPath = /bin/sh;
			shellScript = "\"${SRCROOT}/Pods/Target Support Files/Pods-App/Pods-App-frameworks.sh\"\n";
			showEnvVarsInLog = 0;
		};
		FAC56D364FA037441263D378 /* Check Pods Manifest.lock */ = {
			isa = PBXShellScriptBuildPhase;
			buildActionMask = 2147483647;
			files = (
			);
			inputPaths = (
			);
			name = "Check Pods Manifest.lock";
			outputPaths = (
			);
			runOnlyForDeploymentPostprocessing = 0;
			shellPath = /bin/sh;
			shellScript = "diff \"${PODS_ROOT}/../Podfile.lock\" \"${PODS_ROOT}/Manifest.lock\" > /dev/null\nif [[ $? != 0 ]] ; then\n    cat << EOM\nerror: The sandbox is not in sync with the Podfile.lock. Run 'pod install' or update your CocoaPods installation.\nEOM\n    exit 1\nfi\n";
			showEnvVarsInLog = 0;
		};
/* End PBXShellScriptBuildPhase section */

/* Begin PBXSourcesBuildPhase section */
		3B83E4421B5719270037857E /* Sources */ = {
			isa = PBXSourcesBuildPhase;
			buildActionMask = 2147483647;
			files = (
				3BBDAA541B597A2D0026D0B8 /* EditPersonViewController.swift in Sources */,
				3B2B4CFB1B669AE4007876F4 /* QuizSelectorViewController.swift in Sources */,
				3BDA873D1B5997AC000344F0 /* PersonViewController.swift in Sources */,
				3BBDAA571B5982660026D0B8 /* PersonCell.swift in Sources */,
				3B3ED1721B58133200E70BDC /* Person.swift in Sources */,
				3B3ED16B1B580F6500E70BDC /* PersonListTableViewController.swift in Sources */,
				3B83E44C1B5719270037857E /* AppDelegate.swift in Sources */,
			);
			runOnlyForDeploymentPostprocessing = 0;
		};
		3B83E4571B5719270037857E /* Sources */ = {
			isa = PBXSourcesBuildPhase;
			buildActionMask = 2147483647;
			files = (
				3B83E4621B5719270037857E /* AppTests.swift in Sources */,
			);
			runOnlyForDeploymentPostprocessing = 0;
		};
/* End PBXSourcesBuildPhase section */

/* Begin PBXTargetDependency section */
		3B83E45D1B5719270037857E /* PBXTargetDependency */ = {
			isa = PBXTargetDependency;
			target = 3B83E4451B5719270037857E /* App */;
			targetProxy = 3B83E45C1B5719270037857E /* PBXContainerItemProxy */;
		};
/* End PBXTargetDependency section */

/* Begin PBXVariantGroup section */
		3B83E44F1B5719270037857E /* Main.storyboard */ = {
			isa = PBXVariantGroup;
			children = (
				3B83E4501B5719270037857E /* Base */,
			);
			name = Main.storyboard;
			sourceTree = "<group>";
		};
		3B83E4541B5719270037857E /* LaunchScreen.xib */ = {
			isa = PBXVariantGroup;
			children = (
				3B83E4551B5719270037857E /* Base */,
			);
			name = LaunchScreen.xib;
			sourceTree = "<group>";
		};
/* End PBXVariantGroup section */

/* Begin XCBuildConfiguration section */
		3B83E4631B5719270037857E /* Debug */ = {
			isa = XCBuildConfiguration;
			buildSettings = {
				ALWAYS_SEARCH_USER_PATHS = NO;
				CLANG_CXX_LANGUAGE_STANDARD = "gnu++0x";
				CLANG_CXX_LIBRARY = "libc++";
				CLANG_ENABLE_MODULES = YES;
				CLANG_ENABLE_OBJC_ARC = YES;
				CLANG_WARN_BOOL_CONVERSION = YES;
				CLANG_WARN_CONSTANT_CONVERSION = YES;
				CLANG_WARN_DIRECT_OBJC_ISA_USAGE = YES_ERROR;
				CLANG_WARN_EMPTY_BODY = YES;
				CLANG_WARN_ENUM_CONVERSION = YES;
				CLANG_WARN_INT_CONVERSION = YES;
				CLANG_WARN_OBJC_ROOT_CLASS = YES_ERROR;
				CLANG_WARN_UNREACHABLE_CODE = YES;
				CLANG_WARN__DUPLICATE_METHOD_MATCH = YES;
				"CODE_SIGN_IDENTITY[sdk=iphoneos*]" = "iPhone Developer";
				COPY_PHASE_STRIP = NO;
				DEBUG_INFORMATION_FORMAT = "dwarf-with-dsym";
				ENABLE_STRICT_OBJC_MSGSEND = YES;
				GCC_C_LANGUAGE_STANDARD = gnu99;
				GCC_DYNAMIC_NO_PIC = NO;
				GCC_NO_COMMON_BLOCKS = YES;
				GCC_OPTIMIZATION_LEVEL = 0;
				GCC_PREPROCESSOR_DEFINITIONS = (
					"DEBUG=1",
					"$(inherited)",
				);
				GCC_SYMBOLS_PRIVATE_EXTERN = NO;
				GCC_WARN_64_TO_32_BIT_CONVERSION = YES;
				GCC_WARN_ABOUT_RETURN_TYPE = YES_ERROR;
				GCC_WARN_UNDECLARED_SELECTOR = YES;
				GCC_WARN_UNINITIALIZED_AUTOS = YES_AGGRESSIVE;
				GCC_WARN_UNUSED_FUNCTION = YES;
				GCC_WARN_UNUSED_VARIABLE = YES;
				IPHONEOS_DEPLOYMENT_TARGET = 8.4;
				MTL_ENABLE_DEBUG_INFO = YES;
				ONLY_ACTIVE_ARCH = YES;
				SDKROOT = iphoneos;
				SWIFT_OPTIMIZATION_LEVEL = "-Onone";
				TARGETED_DEVICE_FAMILY = "1,2";
			};
			name = Debug;
		};
		3B83E4641B5719270037857E /* Release */ = {
			isa = XCBuildConfiguration;
			buildSettings = {
				ALWAYS_SEARCH_USER_PATHS = NO;
				CLANG_CXX_LANGUAGE_STANDARD = "gnu++0x";
				CLANG_CXX_LIBRARY = "libc++";
				CLANG_ENABLE_MODULES = YES;
				CLANG_ENABLE_OBJC_ARC = YES;
				CLANG_WARN_BOOL_CONVERSION = YES;
				CLANG_WARN_CONSTANT_CONVERSION = YES;
				CLANG_WARN_DIRECT_OBJC_ISA_USAGE = YES_ERROR;
				CLANG_WARN_EMPTY_BODY = YES;
				CLANG_WARN_ENUM_CONVERSION = YES;
				CLANG_WARN_INT_CONVERSION = YES;
				CLANG_WARN_OBJC_ROOT_CLASS = YES_ERROR;
				CLANG_WARN_UNREACHABLE_CODE = YES;
				CLANG_WARN__DUPLICATE_METHOD_MATCH = YES;
				"CODE_SIGN_IDENTITY[sdk=iphoneos*]" = "iPhone Developer";
				COPY_PHASE_STRIP = NO;
				DEBUG_INFORMATION_FORMAT = "dwarf-with-dsym";
				ENABLE_NS_ASSERTIONS = NO;
				ENABLE_STRICT_OBJC_MSGSEND = YES;
				GCC_C_LANGUAGE_STANDARD = gnu99;
				GCC_NO_COMMON_BLOCKS = YES;
				GCC_WARN_64_TO_32_BIT_CONVERSION = YES;
				GCC_WARN_ABOUT_RETURN_TYPE = YES_ERROR;
				GCC_WARN_UNDECLARED_SELECTOR = YES;
				GCC_WARN_UNINITIALIZED_AUTOS = YES_AGGRESSIVE;
				GCC_WARN_UNUSED_FUNCTION = YES;
				GCC_WARN_UNUSED_VARIABLE = YES;
				IPHONEOS_DEPLOYMENT_TARGET = 8.4;
				MTL_ENABLE_DEBUG_INFO = NO;
				SDKROOT = iphoneos;
				TARGETED_DEVICE_FAMILY = "1,2";
				VALIDATE_PRODUCT = YES;
			};
			name = Release;
		};
		3B83E4661B5719270037857E /* Debug */ = {
			isa = XCBuildConfiguration;
			baseConfigurationReference = 08BE76FEA0745C6D93267ADA /* Pods-App.debug.xcconfig */;
			buildSettings = {
				ASSETCATALOG_COMPILER_APPICON_NAME = AppIcon;
				CODE_SIGN_IDENTITY = "iPhone Developer";
				"CODE_SIGN_IDENTITY[sdk=iphoneos*]" = "iPhone Developer";
				FRAMEWORK_SEARCH_PATHS = (
					"$(inherited)",
					/Users/tommyyang/Desktop/make,
					school/MakeSchoolNotes,
					"$(PROJECT_DIR)/App/Frameworks",
				);
				INFOPLIST_FILE = App/Info.plist;
				IPHONEOS_DEPLOYMENT_TARGET = 8.4;
				LD_RUNPATH_SEARCH_PATHS = "$(inherited) @executable_path/Frameworks";
				PRODUCT_NAME = "$(TARGET_NAME)";
				PROVISIONING_PROFILE = "";
			};
			name = Debug;
		};
		3B83E4671B5719270037857E /* Release */ = {
			isa = XCBuildConfiguration;
			baseConfigurationReference = CDEF242E2D33C5C4723DE900 /* Pods-App.release.xcconfig */;
			buildSettings = {
				ASSETCATALOG_COMPILER_APPICON_NAME = AppIcon;
				CODE_SIGN_IDENTITY = "iPhone Developer";
				"CODE_SIGN_IDENTITY[sdk=iphoneos*]" = "iPhone Developer";
				FRAMEWORK_SEARCH_PATHS = (
					"$(inherited)",
					/Users/tommyyang/Desktop/make,
					school/MakeSchoolNotes,
					"$(PROJECT_DIR)/App/Frameworks",
				);
				INFOPLIST_FILE = App/Info.plist;
				IPHONEOS_DEPLOYMENT_TARGET = 8.4;
				LD_RUNPATH_SEARCH_PATHS = "$(inherited) @executable_path/Frameworks";
				PRODUCT_NAME = "$(TARGET_NAME)";
				PROVISIONING_PROFILE = "";
			};
			name = Release;
		};
		3B83E4691B5719270037857E /* Debug */ = {
			isa = XCBuildConfiguration;
			buildSettings = {
				BUNDLE_LOADER = "$(TEST_HOST)";
				FRAMEWORK_SEARCH_PATHS = (
					"$(SDKROOT)/Developer/Library/Frameworks",
					"$(inherited)",
				);
				GCC_PREPROCESSOR_DEFINITIONS = (
					"DEBUG=1",
					"$(inherited)",
				);
				INFOPLIST_FILE = AppTests/Info.plist;
				LD_RUNPATH_SEARCH_PATHS = "$(inherited) @executable_path/Frameworks @loader_path/Frameworks";
				PRODUCT_NAME = "$(TARGET_NAME)";
				TEST_HOST = "$(BUILT_PRODUCTS_DIR)/App.app/App";
			};
			name = Debug;
		};
		3B83E46A1B5719270037857E /* Release */ = {
			isa = XCBuildConfiguration;
			buildSettings = {
				BUNDLE_LOADER = "$(TEST_HOST)";
				FRAMEWORK_SEARCH_PATHS = (
					"$(SDKROOT)/Developer/Library/Frameworks",
					"$(inherited)",
				);
				INFOPLIST_FILE = AppTests/Info.plist;
				LD_RUNPATH_SEARCH_PATHS = "$(inherited) @executable_path/Frameworks @loader_path/Frameworks";
				PRODUCT_NAME = "$(TARGET_NAME)";
				TEST_HOST = "$(BUILT_PRODUCTS_DIR)/App.app/App";
			};
			name = Release;
		};
/* End XCBuildConfiguration section */

/* Begin XCConfigurationList section */
		3B83E4411B5719270037857E /* Build configuration list for PBXProject "App" */ = {
			isa = XCConfigurationList;
			buildConfigurations = (
				3B83E4631B5719270037857E /* Debug */,
				3B83E4641B5719270037857E /* Release */,
			);
			defaultConfigurationIsVisible = 0;
			defaultConfigurationName = Release;
		};
		3B83E4651B5719270037857E /* Build configuration list for PBXNativeTarget "App" */ = {
			isa = XCConfigurationList;
			buildConfigurations = (
				3B83E4661B5719270037857E /* Debug */,
				3B83E4671B5719270037857E /* Release */,
			);
			defaultConfigurationIsVisible = 0;
			defaultConfigurationName = Release;
		};
		3B83E4681B5719270037857E /* Build configuration list for PBXNativeTarget "AppTests" */ = {
			isa = XCConfigurationList;
			buildConfigurations = (
				3B83E4691B5719270037857E /* Debug */,
				3B83E46A1B5719270037857E /* Release */,
			);
			defaultConfigurationIsVisible = 0;
			defaultConfigurationName = Release;
		};
/* End XCConfigurationList section */
	};
	rootObject = 3B83E43E1B5719270037857E /* Project object */;
}
