// !$*UTF8*$!
{
	archiveVersion = 1;
	classes = {
	};
	objectVersion = 47;
	objects = {

/* Begin PBXBuildFile section */
		3B2B4CFB1B669AE4007876F4 /* QuizSelectorViewController.swift in Sources */ = {isa = PBXBuildFile; fileRef = 3B2B4CFA1B669AE4007876F4 /* QuizSelectorViewController.swift */; };
		3B2BB34A1B733E44003C29D5 /* FinishedQuizViewController.swift in Sources */ = {isa = PBXBuildFile; fileRef = 3B2BB3491B733E44003C29D5 /* FinishedQuizViewController.swift */; };
		3B3ED16B1B580F6500E70BDC /* PersonListTableViewController.swift in Sources */ = {isa = PBXBuildFile; fileRef = 3B3ED16A1B580F6500E70BDC /* PersonListTableViewController.swift */; };
		3B3ED1721B58133200E70BDC /* Person.swift in Sources */ = {isa = PBXBuildFile; fileRef = 3B3ED1711B58133200E70BDC /* Person.swift */; };
		3B83E44C1B5719270037857E /* AppDelegate.swift in Sources */ = {isa = PBXBuildFile; fileRef = 3B83E44B1B5719270037857E /* AppDelegate.swift */; };
		3B83E4511B5719270037857E /* Main.storyboard in Resources */ = {isa = PBXBuildFile; fileRef = 3B83E44F1B5719270037857E /* Main.storyboard */; };
		3B83E4531B5719270037857E /* Images.xcassets in Resources */ = {isa = PBXBuildFile; fileRef = 3B83E4521B5719270037857E /* Images.xcassets */; };
		3B83E4561B5719270037857E /* LaunchScreen.xib in Resources */ = {isa = PBXBuildFile; fileRef = 3B83E4541B5719270037857E /* LaunchScreen.xib */; };
		3B83E4621B5719270037857E /* AppTests.swift in Sources */ = {isa = PBXBuildFile; fileRef = 3B83E4611B5719270037857E /* AppTests.swift */; };
		3B8ED97C1B699AFE007E6A57 /* NamingQuizViewController.swift in Sources */ = {isa = PBXBuildFile; fileRef = 3B8ED97B1B699AFE007E6A57 /* NamingQuizViewController.swift */; };
		3B8ED97E1B699B09007E6A57 /* MatchingQuizViewController.swift in Sources */ = {isa = PBXBuildFile; fileRef = 3B8ED97D1B699B09007E6A57 /* MatchingQuizViewController.swift */; };
		3BBDAA541B597A2D0026D0B8 /* EditPersonViewController.swift in Sources */ = {isa = PBXBuildFile; fileRef = 3BBDAA531B597A2D0026D0B8 /* EditPersonViewController.swift */; };
		3BBDAA571B5982660026D0B8 /* PersonCell.swift in Sources */ = {isa = PBXBuildFile; fileRef = 3BBDAA561B5982660026D0B8 /* PersonCell.swift */; };
		3BD6C32C1B6C141F00ABC8F7 /* AppHelper.swift in Sources */ = {isa = PBXBuildFile; fileRef = 3BD6C32B1B6C141F00ABC8F7 /* AppHelper.swift */; };
		3BDA873D1B5997AC000344F0 /* PersonViewController.swift in Sources */ = {isa = PBXBuildFile; fileRef = 3BDA873C1B5997AC000344F0 /* PersonViewController.swift */; };
		3BDDF30E1B741BA30030DE33 /* NotEnoughPeopleViewController.swift in Sources */ = {isa = PBXBuildFile; fileRef = 3BDDF30D1B741BA30030DE33 /* NotEnoughPeopleViewController.swift */; };
		3BE36D2B1B71EB3A0027B729 /* AfterQuestionViewController.swift in Sources */ = {isa = PBXBuildFile; fileRef = 3BE36D2A1B71EB3A0027B729 /* AfterQuestionViewController.swift */; };
		3BE7C6071B7AADD800119749 /* Settings.bundle in Resources */ = {isa = PBXBuildFile; fileRef = 3BE7C6061B7AADD800119749 /* Settings.bundle */; };
		DBA154A9F93F71CFBC1D60FD /* Pods_Recall.framework in Frameworks */ = {isa = PBXBuildFile; fileRef = 5AC5B72EC8325D5BF3D13DB9 /* Pods_Recall.framework */; settings = {ATTRIBUTES = (Weak, ); }; };
/* End PBXBuildFile section */

/* Begin PBXContainerItemProxy section */
		3B83E45C1B5719270037857E /* PBXContainerItemProxy */ = {
			isa = PBXContainerItemProxy;
			containerPortal = 3B83E43E1B5719270037857E /* Project object */;
			proxyType = 1;
			remoteGlobalIDString = 3B83E4451B5719270037857E;
			remoteInfo = App;
		};
/* End PBXContainerItemProxy section */

/* Begin PBXFileReference section */
		3B2B4CFA1B669AE4007876F4 /* QuizSelectorViewController.swift */ = {isa = PBXFileReference; fileEncoding = 4; lastKnownFileType = sourcecode.swift; path = QuizSelectorViewController.swift; sourceTree = "<group>"; };
		3B2BB3491B733E44003C29D5 /* FinishedQuizViewController.swift */ = {isa = PBXFileReference; fileEncoding = 4; lastKnownFileType = sourcecode.swift; path = FinishedQuizViewController.swift; sourceTree = "<group>"; };
		3B3ED16A1B580F6500E70BDC /* PersonListTableViewController.swift */ = {isa = PBXFileReference; fileEncoding = 4; lastKnownFileType = sourcecode.swift; path = PersonListTableViewController.swift; sourceTree = "<group>"; };
		3B3ED1711B58133200E70BDC /* Person.swift */ = {isa = PBXFileReference; fileEncoding = 4; lastKnownFileType = sourcecode.swift; path = Person.swift; sourceTree = "<group>"; };
		3B83E4461B5719270037857E /* Recall.app */ = {isa = PBXFileReference; explicitFileType = wrapper.application; includeInIndex = 0; path = Recall.app; sourceTree = BUILT_PRODUCTS_DIR; };
		3B83E44A1B5719270037857E /* Info.plist */ = {isa = PBXFileReference; lastKnownFileType = text.plist.xml; path = Info.plist; sourceTree = "<group>"; };
		3B83E44B1B5719270037857E /* AppDelegate.swift */ = {isa = PBXFileReference; lastKnownFileType = sourcecode.swift; path = AppDelegate.swift; sourceTree = "<group>"; };
		3B83E4501B5719270037857E /* Base */ = {isa = PBXFileReference; lastKnownFileType = file.storyboard; name = Base; path = Base.lproj/Main.storyboard; sourceTree = "<group>"; };
		3B83E4521B5719270037857E /* Images.xcassets */ = {isa = PBXFileReference; lastKnownFileType = folder.assetcatalog; path = Images.xcassets; sourceTree = "<group>"; };
		3B83E4551B5719270037857E /* Base */ = {isa = PBXFileReference; lastKnownFileType = file.xib; name = Base; path = Base.lproj/LaunchScreen.xib; sourceTree = "<group>"; };
		3B83E45B1B5719270037857E /* RecallTests.xctest */ = {isa = PBXFileReference; explicitFileType = wrapper.cfbundle; includeInIndex = 0; path = RecallTests.xctest; sourceTree = BUILT_PRODUCTS_DIR; };
		3B83E4601B5719270037857E /* Info.plist */ = {isa = PBXFileReference; lastKnownFileType = text.plist.xml; path = Info.plist; sourceTree = "<group>"; };
		3B83E4611B5719270037857E /* AppTests.swift */ = {isa = PBXFileReference; lastKnownFileType = sourcecode.swift; path = AppTests.swift; sourceTree = "<group>"; };
		3B8ED97B1B699AFE007E6A57 /* NamingQuizViewController.swift */ = {isa = PBXFileReference; fileEncoding = 4; lastKnownFileType = sourcecode.swift; path = NamingQuizViewController.swift; sourceTree = "<group>"; };
		3B8ED97D1B699B09007E6A57 /* MatchingQuizViewController.swift */ = {isa = PBXFileReference; fileEncoding = 4; lastKnownFileType = sourcecode.swift; path = MatchingQuizViewController.swift; sourceTree = "<group>"; };
		3BBDAA531B597A2D0026D0B8 /* EditPersonViewController.swift */ = {isa = PBXFileReference; fileEncoding = 4; lastKnownFileType = sourcecode.swift; path = EditPersonViewController.swift; sourceTree = "<group>"; };
		3BBDAA561B5982660026D0B8 /* PersonCell.swift */ = {isa = PBXFileReference; fileEncoding = 4; lastKnownFileType = sourcecode.swift; path = PersonCell.swift; sourceTree = "<group>"; };
		3BD1CC671B7AB81200A614E2 /* Pods_Recall.framework */ = {isa = PBXFileReference; lastKnownFileType = wrapper.framework; name = Pods_Recall.framework; path = "Pods/../build/Debug-iphoneos/Pods_Recall.framework"; sourceTree = "<group>"; };
		3BD1CC681B7AB81200A614E2 /* Realm.framework */ = {isa = PBXFileReference; lastKnownFileType = wrapper.framework; name = Realm.framework; path = "Pods/../build/Debug-iphoneos/Realm.framework"; sourceTree = "<group>"; };
		3BD6C32B1B6C141F00ABC8F7 /* AppHelper.swift */ = {isa = PBXFileReference; fileEncoding = 4; lastKnownFileType = sourcecode.swift; path = AppHelper.swift; sourceTree = "<group>"; };
		3BDA873C1B5997AC000344F0 /* PersonViewController.swift */ = {isa = PBXFileReference; fileEncoding = 4; lastKnownFileType = sourcecode.swift; path = PersonViewController.swift; sourceTree = "<group>"; };
		3BDDF30D1B741BA30030DE33 /* NotEnoughPeopleViewController.swift */ = {isa = PBXFileReference; fileEncoding = 4; lastKnownFileType = sourcecode.swift; path = NotEnoughPeopleViewController.swift; sourceTree = "<group>"; };
		3BE36D2A1B71EB3A0027B729 /* AfterQuestionViewController.swift */ = {isa = PBXFileReference; fileEncoding = 4; lastKnownFileType = sourcecode.swift; path = AfterQuestionViewController.swift; sourceTree = "<group>"; };
		3BE7C6061B7AADD800119749 /* Settings.bundle */ = {isa = PBXFileReference; lastKnownFileType = "wrapper.plug-in"; path = Settings.bundle; sourceTree = "<group>"; };
		3BE7C6081B7AB1DF00119749 /* ConvenienceKit.framework */ = {isa = PBXFileReference; lastKnownFileType = wrapper.framework; name = ConvenienceKit.framework; path = "Pods/../build/Debug-iphoneos/ConvenienceKit.framework"; sourceTree = "<group>"; };
		3BE7C60A1B7AB1E400119749 /* Mixpanel.framework */ = {isa = PBXFileReference; lastKnownFileType = wrapper.framework; name = Mixpanel.framework; path = "Pods/../build/Debug-iphoneos/Mixpanel.framework"; sourceTree = "<group>"; };
		3BE7C60B1B7AB1E400119749 /* Realm.framework */ = {isa = PBXFileReference; lastKnownFileType = wrapper.framework; name = Realm.framework; path = "Pods/../build/Debug-iphoneos/Realm.framework"; sourceTree = "<group>"; };
		3BE7C60C1B7AB1E400119749 /* RealmSwift.framework */ = {isa = PBXFileReference; lastKnownFileType = wrapper.framework; name = RealmSwift.framework; path = "Pods/../build/Debug-iphoneos/RealmSwift.framework"; sourceTree = "<group>"; };
		3BE7C60D1B7AB1E400119749 /* TPKeyboardAvoiding.framework */ = {isa = PBXFileReference; lastKnownFileType = wrapper.framework; name = TPKeyboardAvoiding.framework; path = "Pods/../build/Debug-iphoneos/TPKeyboardAvoiding.framework"; sourceTree = "<group>"; };
		5AC5B72EC8325D5BF3D13DB9 /* Pods_Recall.framework */ = {isa = PBXFileReference; explicitFileType = wrapper.framework; includeInIndex = 0; path = Pods_Recall.framework; sourceTree = BUILT_PRODUCTS_DIR; };
		74ECE0D36A0F92742AE35810 /* Pods-Recall.release.xcconfig */ = {isa = PBXFileReference; includeInIndex = 1; lastKnownFileType = text.xcconfig; name = "Pods-Recall.release.xcconfig"; path = "Pods/Target Support Files/Pods-Recall/Pods-Recall.release.xcconfig"; sourceTree = "<group>"; };
		77C50DCCE8EE2809768B6319 /* Pods-Recall.debug.xcconfig */ = {isa = PBXFileReference; includeInIndex = 1; lastKnownFileType = text.xcconfig; name = "Pods-Recall.debug.xcconfig"; path = "Pods/Target Support Files/Pods-Recall/Pods-Recall.debug.xcconfig"; sourceTree = "<group>"; };
/* End PBXFileReference section */

/* Begin PBXFrameworksBuildPhase section */
		3B83E4431B5719270037857E /* Frameworks */ = {
			isa = PBXFrameworksBuildPhase;
			buildActionMask = 2147483647;
			files = (
				DBA154A9F93F71CFBC1D60FD /* Pods_Recall.framework in Frameworks */,
			);
			runOnlyForDeploymentPostprocessing = 0;
		};
		3B83E4581B5719270037857E /* Frameworks */ = {
			isa = PBXFrameworksBuildPhase;
			buildActionMask = 2147483647;
			files = (
			);
			runOnlyForDeploymentPostprocessing = 0;
		};
/* End PBXFrameworksBuildPhase section */

/* Begin PBXGroup section */
		3B3ED1681B5783C100E70BDC /* View Controllers */ = {
			isa = PBXGroup;
			children = (
				3B3ED16A1B580F6500E70BDC /* PersonListTableViewController.swift */,
				3BBDAA531B597A2D0026D0B8 /* EditPersonViewController.swift */,
				3BDA873C1B5997AC000344F0 /* PersonViewController.swift */,
				3B2B4CFA1B669AE4007876F4 /* QuizSelectorViewController.swift */,
				3B8ED97B1B699AFE007E6A57 /* NamingQuizViewController.swift */,
				3B8ED97D1B699B09007E6A57 /* MatchingQuizViewController.swift */,
				3BE36D2A1B71EB3A0027B729 /* AfterQuestionViewController.swift */,
				3B2BB3491B733E44003C29D5 /* FinishedQuizViewController.swift */,
				3BDDF30D1B741BA30030DE33 /* NotEnoughPeopleViewController.swift */,
			);
			name = "View Controllers";
			path = "App/View Controllers";
			sourceTree = "<group>";
		};
		3B3ED1701B58132600E70BDC /* Entities */ = {
			isa = PBXGroup;
			children = (
				3B3ED1711B58133200E70BDC /* Person.swift */,
			);
			name = Entities;
			path = App/Entities;
			sourceTree = "<group>";
		};
		3B83E43D1B5719270037857E = {
			isa = PBXGroup;
			children = (
				3BE7C6061B7AADD800119749 /* Settings.bundle */,
				3BD6C32A1B6C140A00ABC8F7 /* Helpers */,
				3BBDAA551B5982440026D0B8 /* Views */,
				3B3ED1701B58132600E70BDC /* Entities */,
				3B3ED1681B5783C100E70BDC /* View Controllers */,
				3B83E4481B5719270037857E /* App */,
				3B83E45E1B5719270037857E /* AppTests */,
				3B83E4471B5719270037857E /* Products */,
				8C0911E7BE5468D9082F8879 /* Pods */,
				828CCCE83534F149EB987D48 /* Frameworks */,
			);
			sourceTree = "<group>";
		};
		3B83E4471B5719270037857E /* Products */ = {
			isa = PBXGroup;
			children = (
				3B83E4461B5719270037857E /* Recall.app */,
				3B83E45B1B5719270037857E /* RecallTests.xctest */,
			);
			name = Products;
			sourceTree = "<group>";
		};
		3B83E4481B5719270037857E /* App */ = {
			isa = PBXGroup;
			children = (
				3B83E44B1B5719270037857E /* AppDelegate.swift */,
				3B83E44F1B5719270037857E /* Main.storyboard */,
				3B83E4521B5719270037857E /* Images.xcassets */,
				3B83E4541B5719270037857E /* LaunchScreen.xib */,
				3B83E4491B5719270037857E /* Supporting Files */,
			);
			path = App;
			sourceTree = "<group>";
		};
		3B83E4491B5719270037857E /* Supporting Files */ = {
			isa = PBXGroup;
			children = (
				3B83E44A1B5719270037857E /* Info.plist */,
			);
			name = "Supporting Files";
			sourceTree = "<group>";
		};
		3B83E45E1B5719270037857E /* AppTests */ = {
			isa = PBXGroup;
			children = (
				3B83E4611B5719270037857E /* AppTests.swift */,
				3B83E45F1B5719270037857E /* Supporting Files */,
			);
			path = AppTests;
			sourceTree = "<group>";
		};
		3B83E45F1B5719270037857E /* Supporting Files */ = {
			isa = PBXGroup;
			children = (
				3B83E4601B5719270037857E /* Info.plist */,
			);
			name = "Supporting Files";
			sourceTree = "<group>";
		};
		3BBDAA551B5982440026D0B8 /* Views */ = {
			isa = PBXGroup;
			children = (
				3BBDAA561B5982660026D0B8 /* PersonCell.swift */,
			);
			name = Views;
			path = App/Views;
			sourceTree = "<group>";
		};
		3BD6C32A1B6C140A00ABC8F7 /* Helpers */ = {
			isa = PBXGroup;
			children = (
				3BD6C32B1B6C141F00ABC8F7 /* AppHelper.swift */,
			);
			name = Helpers;
			path = App/Helpers;
			sourceTree = "<group>";
		};
		828CCCE83534F149EB987D48 /* Frameworks */ = {
			isa = PBXGroup;
			children = (
				3BD1CC671B7AB81200A614E2 /* Pods_Recall.framework */,
				3BD1CC681B7AB81200A614E2 /* Realm.framework */,
				3BE7C60A1B7AB1E400119749 /* Mixpanel.framework */,
				3BE7C60B1B7AB1E400119749 /* Realm.framework */,
				3BE7C60C1B7AB1E400119749 /* RealmSwift.framework */,
				3BE7C60D1B7AB1E400119749 /* TPKeyboardAvoiding.framework */,
				3BE7C6081B7AB1DF00119749 /* ConvenienceKit.framework */,
				5AC5B72EC8325D5BF3D13DB9 /* Pods_Recall.framework */,
			);
			name = Frameworks;
			sourceTree = "<group>";
		};
		8C0911E7BE5468D9082F8879 /* Pods */ = {
			isa = PBXGroup;
			children = (
				77C50DCCE8EE2809768B6319 /* Pods-Recall.debug.xcconfig */,
				74ECE0D36A0F92742AE35810 /* Pods-Recall.release.xcconfig */,
			);
			name = Pods;
			sourceTree = "<group>";
		};
/* End PBXGroup section */

/* Begin PBXNativeTarget section */
		3B83E4451B5719270037857E /* Recall */ = {
			isa = PBXNativeTarget;
			buildConfigurationList = 3B83E4651B5719270037857E /* Build configuration list for PBXNativeTarget "Recall" */;
			buildPhases = (
				FAC56D364FA037441263D378 /* Check Pods Manifest.lock */,
				3B83E4421B5719270037857E /* Sources */,
				3B83E4431B5719270037857E /* Frameworks */,
				3B83E4441B5719270037857E /* Resources */,
				714DD449C8877FC630E8470B /* Copy Pods Resources */,
				2873FFB7A503692CB317C867 /* Embed Pods Frameworks */,
			);
			buildRules = (
			);
			dependencies = (
			);
			name = Recall;
			productName = App;
			productReference = 3B83E4461B5719270037857E /* Recall.app */;
			productType = "com.apple.product-type.application";
		};
		3B83E45A1B5719270037857E /* RecallTests */ = {
			isa = PBXNativeTarget;
			buildConfigurationList = 3B83E4681B5719270037857E /* Build configuration list for PBXNativeTarget "RecallTests" */;
			buildPhases = (
				3B83E4571B5719270037857E /* Sources */,
				3B83E4581B5719270037857E /* Frameworks */,
			);
			buildRules = (
			);
			dependencies = (
				3B83E45D1B5719270037857E /* PBXTargetDependency */,
			);
			name = RecallTests;
			productName = AppTests;
			productReference = 3B83E45B1B5719270037857E /* RecallTests.xctest */;
			productType = "com.apple.product-type.bundle.unit-test";
		};
/* End PBXNativeTarget section */

/* Begin PBXProject section */
		3B83E43E1B5719270037857E /* Project object */ = {
			isa = PBXProject;
			attributes = {
				LastUpgradeCheck = 0640;
				ORGANIZATIONNAME = "Tommy Yang";
				TargetAttributes = {
					3B83E4451B5719270037857E = {
						CreatedOnToolsVersion = 6.4;
						DevelopmentTeam = W966M622HQ;
					};
					3B83E45A1B5719270037857E = {
						CreatedOnToolsVersion = 6.4;
						TestTargetID = 3B83E4451B5719270037857E;
					};
				};
			};
			buildConfigurationList = 3B83E4411B5719270037857E /* Build configuration list for PBXProject "Recall" */;
			compatibilityVersion = "Xcode 6.3";
			developmentRegion = English;
			hasScannedForEncodings = 0;
			knownRegions = (
				en,
				Base,
			);
			mainGroup = 3B83E43D1B5719270037857E;
			productRefGroup = 3B83E4471B5719270037857E /* Products */;
			projectDirPath = "";
			projectRoot = "";
			targets = (
				3B83E4451B5719270037857E /* Recall */,
				3B83E45A1B5719270037857E /* RecallTests */,
			);
		};
/* End PBXProject section */

/* Begin PBXResourcesBuildPhase section */
		3B83E4441B5719270037857E /* Resources */ = {
			isa = PBXResourcesBuildPhase;
			buildActionMask = 2147483647;
			files = (
				3BE7C6071B7AADD800119749 /* Settings.bundle in Resources */,
				3B83E4511B5719270037857E /* Main.storyboard in Resources */,
				3B83E4561B5719270037857E /* LaunchScreen.xib in Resources */,
				3B83E4531B5719270037857E /* Images.xcassets in Resources */,
			);
			runOnlyForDeploymentPostprocessing = 0;
		};
/* End PBXResourcesBuildPhase section */

/* Begin PBXShellScriptBuildPhase section */
		2873FFB7A503692CB317C867 /* Embed Pods Frameworks */ = {
			isa = PBXShellScriptBuildPhase;
			buildActionMask = 2147483647;
			files = (
			);
			inputPaths = (
			);
			name = "Embed Pods Frameworks";
			outputPaths = (
			);
			runOnlyForDeploymentPostprocessing = 0;
			shellPath = /bin/sh;
			shellScript = "\"${SRCROOT}/Pods/Target Support Files/Pods-Recall/Pods-Recall-frameworks.sh\"\n";
			showEnvVarsInLog = 0;
		};
		714DD449C8877FC630E8470B /* Copy Pods Resources */ = {
			isa = PBXShellScriptBuildPhase;
			buildActionMask = 2147483647;
			files = (
			);
			inputPaths = (
			);
			name = "Copy Pods Resources";
			outputPaths = (
			);
			runOnlyForDeploymentPostprocessing = 0;
			shellPath = /bin/sh;
			shellScript = "\"${SRCROOT}/Pods/Target Support Files/Pods-Recall/Pods-Recall-resources.sh\"\n";
			showEnvVarsInLog = 0;
		};
		FAC56D364FA037441263D378 /* Check Pods Manifest.lock */ = {
			isa = PBXShellScriptBuildPhase;
			buildActionMask = 2147483647;
			files = (
			);
			inputPaths = (
			);
			name = "Check Pods Manifest.lock";
			outputPaths = (
			);
			runOnlyForDeploymentPostprocessing = 0;
			shellPath = /bin/sh;
			shellScript = "diff \"${PODS_ROOT}/../Podfile.lock\" \"${PODS_ROOT}/Manifest.lock\" > /dev/null\nif [[ $? != 0 ]] ; then\n    cat << EOM\nerror: The sandbox is not in sync with the Podfile.lock. Run 'pod install' or update your CocoaPods installation.\nEOM\n    exit 1\nfi\n";
			showEnvVarsInLog = 0;
		};
/* End PBXShellScriptBuildPhase section */

/* Begin PBXSourcesBuildPhase section */
		3B83E4421B5719270037857E /* Sources */ = {
			isa = PBXSourcesBuildPhase;
			buildActionMask = 2147483647;
			files = (
				3BBDAA541B597A2D0026D0B8 /* EditPersonViewController.swift in Sources */,
				3B2B4CFB1B669AE4007876F4 /* QuizSelectorViewController.swift in Sources */,
				3BDA873D1B5997AC000344F0 /* PersonViewController.swift in Sources */,
				3BDDF30E1B741BA30030DE33 /* NotEnoughPeopleViewController.swift in Sources */,
				3BBDAA571B5982660026D0B8 /* PersonCell.swift in Sources */,
				3B8ED97C1B699AFE007E6A57 /* NamingQuizViewController.swift in Sources */,
				3BD6C32C1B6C141F00ABC8F7 /* AppHelper.swift in Sources */,
				3B2BB34A1B733E44003C29D5 /* FinishedQuizViewController.swift in Sources */,
				3B8ED97E1B699B09007E6A57 /* MatchingQuizViewController.swift in Sources */,
				3B3ED1721B58133200E70BDC /* Person.swift in Sources */,
				3B3ED16B1B580F6500E70BDC /* PersonListTableViewController.swift in Sources */,
				3B83E44C1B5719270037857E /* AppDelegate.swift in Sources */,
				3BE36D2B1B71EB3A0027B729 /* AfterQuestionViewController.swift in Sources */,
			);
			runOnlyForDeploymentPostprocessing = 0;
		};
		3B83E4571B5719270037857E /* Sources */ = {
			isa = PBXSourcesBuildPhase;
			buildActionMask = 2147483647;
			files = (
				3B83E4621B5719270037857E /* AppTests.swift in Sources */,
			);
			runOnlyForDeploymentPostprocessing = 0;
		};
/* End PBXSourcesBuildPhase section */

/* Begin PBXTargetDependency section */
		3B83E45D1B5719270037857E /* PBXTargetDependency */ = {
			isa = PBXTargetDependency;
			target = 3B83E4451B5719270037857E /* Recall */;
			targetProxy = 3B83E45C1B5719270037857E /* PBXContainerItemProxy */;
		};
/* End PBXTargetDependency section */

/* Begin PBXVariantGroup section */
		3B83E44F1B5719270037857E /* Main.storyboard */ = {
			isa = PBXVariantGroup;
			children = (
				3B83E4501B5719270037857E /* Base */,
			);
			name = Main.storyboard;
			sourceTree = "<group>";
		};
		3B83E4541B5719270037857E /* LaunchScreen.xib */ = {
			isa = PBXVariantGroup;
			children = (
				3B83E4551B5719270037857E /* Base */,
			);
			name = LaunchScreen.xib;
			sourceTree = "<group>";
		};
/* End PBXVariantGroup section */

/* Begin XCBuildConfiguration section */
		3B83E4631B5719270037857E /* Debug */ = {
			isa = XCBuildConfiguration;
			buildSettings = {
				ALWAYS_SEARCH_USER_PATHS = NO;
				CLANG_CXX_LANGUAGE_STANDARD = "gnu++0x";
				CLANG_CXX_LIBRARY = "libc++";
				CLANG_ENABLE_MODULES = YES;
				CLANG_ENABLE_OBJC_ARC = YES;
				CLANG_WARN_BOOL_CONVERSION = YES;
				CLANG_WARN_CONSTANT_CONVERSION = YES;
				CLANG_WARN_DIRECT_OBJC_ISA_USAGE = YES_ERROR;
				CLANG_WARN_EMPTY_BODY = YES;
				CLANG_WARN_ENUM_CONVERSION = YES;
				CLANG_WARN_INT_CONVERSION = YES;
				CLANG_WARN_OBJC_ROOT_CLASS = YES_ERROR;
				CLANG_WARN_UNREACHABLE_CODE = YES;
				CLANG_WARN__DUPLICATE_METHOD_MATCH = YES;
				CODE_SIGN_IDENTITY = "iPhone Developer: Xiaoqiang Yang (NHU8FJV3RY)";
				"CODE_SIGN_IDENTITY[sdk=iphoneos*]" = "iPhone Developer: Xiaoqiang Yang (NHU8FJV3RY)";
				COPY_PHASE_STRIP = NO;
				DEBUG_INFORMATION_FORMAT = "dwarf-with-dsym";
				ENABLE_STRICT_OBJC_MSGSEND = YES;
				GCC_C_LANGUAGE_STANDARD = gnu99;
				GCC_DYNAMIC_NO_PIC = NO;
				GCC_NO_COMMON_BLOCKS = YES;
				GCC_OPTIMIZATION_LEVEL = 0;
				GCC_PREPROCESSOR_DEFINITIONS = (
					"DEBUG=1",
					"$(inherited)",
				);
				GCC_SYMBOLS_PRIVATE_EXTERN = NO;
				GCC_WARN_64_TO_32_BIT_CONVERSION = YES;
				GCC_WARN_ABOUT_RETURN_TYPE = YES_ERROR;
				GCC_WARN_UNDECLARED_SELECTOR = YES;
				GCC_WARN_UNINITIALIZED_AUTOS = YES_AGGRESSIVE;
				GCC_WARN_UNUSED_FUNCTION = YES;
				GCC_WARN_UNUSED_VARIABLE = YES;
				IPHONEOS_DEPLOYMENT_TARGET = 8.4;
				MTL_ENABLE_DEBUG_INFO = YES;
				ONLY_ACTIVE_ARCH = YES;
				SDKROOT = iphoneos;
				SWIFT_OPTIMIZATION_LEVEL = "-Onone";
				TARGETED_DEVICE_FAMILY = "1,2";
			};
			name = Debug;
		};
		3B83E4641B5719270037857E /* Release */ = {
			isa = XCBuildConfiguration;
			buildSettings = {
				ALWAYS_SEARCH_USER_PATHS = NO;
				CLANG_CXX_LANGUAGE_STANDARD = "gnu++0x";
				CLANG_CXX_LIBRARY = "libc++";
				CLANG_ENABLE_MODULES = YES;
				CLANG_ENABLE_OBJC_ARC = YES;
				CLANG_WARN_BOOL_CONVERSION = YES;
				CLANG_WARN_CONSTANT_CONVERSION = YES;
				CLANG_WARN_DIRECT_OBJC_ISA_USAGE = YES_ERROR;
				CLANG_WARN_EMPTY_BODY = YES;
				CLANG_WARN_ENUM_CONVERSION = YES;
				CLANG_WARN_INT_CONVERSION = YES;
				CLANG_WARN_OBJC_ROOT_CLASS = YES_ERROR;
				CLANG_WARN_UNREACHABLE_CODE = YES;
				CLANG_WARN__DUPLICATE_METHOD_MATCH = YES;
				CODE_SIGN_IDENTITY = "iPhone Developer: Xiaoqiang Yang (NHU8FJV3RY)";
				"CODE_SIGN_IDENTITY[sdk=iphoneos*]" = "iPhone Developer: Xiaoqiang Yang (NHU8FJV3RY)";
				COPY_PHASE_STRIP = NO;
				DEBUG_INFORMATION_FORMAT = "dwarf-with-dsym";
				ENABLE_NS_ASSERTIONS = NO;
				ENABLE_STRICT_OBJC_MSGSEND = YES;
				GCC_C_LANGUAGE_STANDARD = gnu99;
				GCC_NO_COMMON_BLOCKS = YES;
				GCC_WARN_64_TO_32_BIT_CONVERSION = YES;
				GCC_WARN_ABOUT_RETURN_TYPE = YES_ERROR;
				GCC_WARN_UNDECLARED_SELECTOR = YES;
				GCC_WARN_UNINITIALIZED_AUTOS = YES_AGGRESSIVE;
				GCC_WARN_UNUSED_FUNCTION = YES;
				GCC_WARN_UNUSED_VARIABLE = YES;
				IPHONEOS_DEPLOYMENT_TARGET = 8.4;
				MTL_ENABLE_DEBUG_INFO = NO;
				SDKROOT = iphoneos;
				TARGETED_DEVICE_FAMILY = "1,2";
				VALIDATE_PRODUCT = YES;
			};
			name = Release;
		};
		3B83E4661B5719270037857E /* Debug */ = {
			isa = XCBuildConfiguration;
			baseConfigurationReference = 74ECE0D36A0F92742AE35810 /* Pods-Recall.release.xcconfig */;
			buildSettings = {
				ASSETCATALOG_COMPILER_APPICON_NAME = AppIcon;
				CODE_SIGN_IDENTITY = "iPhone Developer: Xiaoqiang Yang (NHU8FJV3RY)";
				"CODE_SIGN_IDENTITY[sdk=iphoneos*]" = "iPhone Developer: Xiaoqiang Yang (NHU8FJV3RY)";
				FRAMEWORK_SEARCH_PATHS = (
					"$(inherited)",
					/Users/tommyyang/Desktop/make,
					school/MakeSchoolNotes,
					"$(PROJECT_DIR)/App/Frameworks",
					"$(PROJECT_DIR)/build/Debug-iphoneos",
				);
				INFOPLIST_FILE = App/Info.plist;
				IPHONEOS_DEPLOYMENT_TARGET = 8.4;
				LD_RUNPATH_SEARCH_PATHS = "$(inherited) @executable_path/Frameworks";
				PRODUCT_NAME = Recall;
				PROVISIONING_PROFILE = "";
			};
			name = Debug;
		};
		3B83E4671B5719270037857E /* Release */ = {
			isa = XCBuildConfiguration;
			baseConfigurationReference = 74ECE0D36A0F92742AE35810 /* Pods-Recall.release.xcconfig */;
			buildSettings = {
				ASSETCATALOG_COMPILER_APPICON_NAME = AppIcon;
				CODE_SIGN_IDENTITY = "iPhone Developer: Xiaoqiang Yang (NHU8FJV3RY)";
				"CODE_SIGN_IDENTITY[sdk=iphoneos*]" = "iPhone Developer: Xiaoqiang Yang (NHU8FJV3RY)";
				FRAMEWORK_SEARCH_PATHS = (
					"$(inherited)",
					/Users/tommyyang/Desktop/make,
					school/MakeSchoolNotes,
					"$(PROJECT_DIR)/App/Frameworks",
					"$(PROJECT_DIR)/build/Debug-iphoneos",
				);
				INFOPLIST_FILE = App/Info.plist;
				IPHONEOS_DEPLOYMENT_TARGET = 8.4;
				LD_RUNPATH_SEARCH_PATHS = "$(inherited) @executable_path/Frameworks";
				PRODUCT_NAME = Recall;
				PROVISIONING_PROFILE = "";
			};
			name = Release;
		};
		3B83E4691B5719270037857E /* Debug */ = {
			isa = XCBuildConfiguration;
			baseConfigurationReference = 74ECE0D36A0F92742AE35810 /* Pods-Recall.release.xcconfig */;
			buildSettings = {
				BUNDLE_LOADER = "$(TEST_HOST)";
				FRAMEWORK_SEARCH_PATHS = (
					"$(SDKROOT)/Developer/Library/Frameworks",
					"$(inherited)",
				);
				GCC_PREPROCESSOR_DEFINITIONS = (
					"DEBUG=1",
					"$(inherited)",
				);
				INFOPLIST_FILE = AppTests/Info.plist;
				LD_RUNPATH_SEARCH_PATHS = "$(inherited) @executable_path/Frameworks @loader_path/Frameworks";
				PRODUCT_NAME = RecallTests;
				TEST_HOST = "$(BUILT_PRODUCTS_DIR)/Recall.app/Recall";
			};
			name = Debug;
		};
		3B83E46A1B5719270037857E /* Release */ = {
			isa = XCBuildConfiguration;
			baseConfigurationReference = 74ECE0D36A0F92742AE35810 /* Pods-Recall.release.xcconfig */;
			buildSettings = {
				BUNDLE_LOADER = "$(TEST_HOST)";
				FRAMEWORK_SEARCH_PATHS = (
					"$(SDKROOT)/Developer/Library/Frameworks",
					"$(inherited)",
				);
				INFOPLIST_FILE = AppTests/Info.plist;
				LD_RUNPATH_SEARCH_PATHS = "$(inherited) @executable_path/Frameworks @loader_path/Frameworks";
				PRODUCT_NAME = RecallTests;
				TEST_HOST = "$(BUILT_PRODUCTS_DIR)/Recall.app/Recall";
			};
			name = Release;
		};
/* End XCBuildConfiguration section */

/* Begin XCConfigurationList section */
		3B83E4411B5719270037857E /* Build configuration list for PBXProject "Recall" */ = {
			isa = XCConfigurationList;
			buildConfigurations = (
				3B83E4631B5719270037857E /* Debug */,
				3B83E4641B5719270037857E /* Release */,
			);
			defaultConfigurationIsVisible = 0;
			defaultConfigurationName = Release;
		};
		3B83E4651B5719270037857E /* Build configuration list for PBXNativeTarget "Recall" */ = {
			isa = XCConfigurationList;
			buildConfigurations = (
				3B83E4661B5719270037857E /* Debug */,
				3B83E4671B5719270037857E /* Release */,
			);
			defaultConfigurationIsVisible = 0;
			defaultConfigurationName = Release;
		};
		3B83E4681B5719270037857E /* Build configuration list for PBXNativeTarget "RecallTests" */ = {
			isa = XCConfigurationList;
			buildConfigurations = (
				3B83E4691B5719270037857E /* Debug */,
				3B83E46A1B5719270037857E /* Release */,
			);
			defaultConfigurationIsVisible = 0;
			defaultConfigurationName = Release;
		};
/* End XCConfigurationList section */
	};
	rootObject = 3B83E43E1B5719270037857E /* Project object */;
}
